
Microsoft Visual Studio Solution File, Format Version 12.00
# Visual Studio Version 17
VisualStudioVersion = 17.0.31903.59
MinimumVisualStudioVersion = 10.0.40219.1
Project("{2150E333-8FDC-42A3-9474-1A3956D46DE8}") = "src", "src", "{827E0CD3-B72D-47B6-A68D-7590B98EB39B}"
EndProject
Project("{FAE04EC0-301F-11D3-BF4B-00C04F79EFBC}") = "Hsm.Application", "src\Hsm.Application\Hsm.Application.csproj", "{8F45F222-5158-4B42-87E6-8305402F1049}"
EndProject
Project("{FAE04EC0-301F-11D3-BF4B-00C04F79EFBC}") = "Hsm.Contracts", "src\Hsm.Contracts\Hsm.Contracts.csproj", "{0361F58A-D76D-4B6C-B672-E1A324D80FEF}"
EndProject
Project("{FAE04EC0-301F-11D3-BF4B-00C04F79EFBC}") = "Hsm.Domain", "src\Hsm.Domain\Hsm.Domain.csproj", "{F809646F-52C1-4185-9AAB-04BABAE91BF5}"
EndProject
Project("{FAE04EC0-301F-11D3-BF4B-00C04F79EFBC}") = "Hsm.Infrastructure", "src\Hsm.Infrastructure\Hsm.Infrastructure.csproj", "{160AFA96-FCDC-4242-BAD3-C34C6D10F57C}"
EndProject
Project("{FAE04EC0-301F-11D3-BF4B-00C04F79EFBC}") = "Hsm.Web", "src\Hsm.Web\Hsm.Web.csproj", "{9EE7580C-F3B0-4369-8DD8-ADB5D9F277B8}"
EndProject
Project("{FAE04EC0-301F-11D3-BF4B-00C04F79EFBC}") = "Hsm.Worker", "src\Hsm.Worker\Hsm.Worker.csproj", "{DE3C7B37-F847-47A0-A876-4F46094A7E62}"
EndProject
Project("{2150E333-8FDC-42A3-9474-1A3956D46DE8}") = "tests", "tests", "{0AB3BF05-4346-4AA6-1389-037BE0695223}"
EndProject
Project("{FAE04EC0-301F-11D3-BF4B-00C04F79EFBC}") = "Hsm.Application.Tests", "tests\Hsm.Application.Tests\Hsm.Application.Tests.csproj", "{55B8A588-3092-4CA4-A83B-937ABDCD5D3C}"
EndProject
Project("{FAE04EC0-301F-11D3-BF4B-00C04F79EFBC}") = "Hsm.Architecture.Tests", "tests\Hsm.Architecture.Tests\Hsm.Architecture.Tests.csproj", "{CACDF21C-37CA-4922-B4F0-37EDDC36219E}"
EndProject
Project("{FAE04EC0-301F-11D3-BF4B-00C04F79EFBC}") = "Hsm.Contract.Tests", "tests\Hsm.Contract.Tests\Hsm.Contract.Tests.csproj", "{C8DA6EC7-0B31-492E-ADAD-70B78EB111B7}"
EndProject
Project("{FAE04EC0-301F-11D3-BF4B-00C04F79EFBC}") = "Hsm.Domain.Tests", "tests\Hsm.Domain.Tests\Hsm.Domain.Tests.csproj", "{1466D65F-95AF-4001-84BD-4EB6475DE269}"
EndProject
Project("{FAE04EC0-301F-11D3-BF4B-00C04F79EFBC}") = "Hsm.Integration.Tests", "tests\Hsm.Integration.Tests\Hsm.Integration.Tests.csproj", "{F72B27B2-017F-427E-813A-C285410008AC}"
EndProject
Project("{FAE04EC0-301F-11D3-BF4B-00C04F79EFBC}") = "Hsm.Tests", "tests\Hsm.Tests\Hsm.Tests.csproj", "{FEBDE0BD-0AB6-4576-99A3-48FD9D44264F}"
EndProject
Project("{FAE04EC0-301F-11D3-BF4B-00C04F79EFBC}") = "Hsm.Web.Tests", "tests\Hsm.Web.Tests\Hsm.Web.Tests.csproj", "{D5667166-87C8-4FD2-A072-94BB94EF5630}"
EndProject
Project("{FAE04EC0-301F-11D3-BF4B-00C04F79EFBC}") = "Hsm.Api", "src\Hsm.Api\Hsm.Api.csproj", "{373238D4-9239-49A6-892F-C3B8ABE3E822}"
EndProject
Global
	GlobalSection(SolutionConfigurationPlatforms) = preSolution
		Debug|Any CPU = Debug|Any CPU
		Debug|x64 = Debug|x64
		Debug|x86 = Debug|x86
		Release|Any CPU = Release|Any CPU
		Release|x64 = Release|x64
		Release|x86 = Release|x86
	EndGlobalSection
	GlobalSection(ProjectConfigurationPlatforms) = postSolution
		{8F45F222-5158-4B42-87E6-8305402F1049}.Debug|Any CPU.ActiveCfg = Debug|Any CPU
		{8F45F222-5158-4B42-87E6-8305402F1049}.Debug|Any CPU.Build.0 = Debug|Any CPU
		{8F45F222-5158-4B42-87E6-8305402F1049}.Debug|x64.ActiveCfg = Debug|Any CPU
		{8F45F222-5158-4B42-87E6-8305402F1049}.Debug|x64.Build.0 = Debug|Any CPU
		{8F45F222-5158-4B42-87E6-8305402F1049}.Debug|x86.ActiveCfg = Debug|Any CPU
		{8F45F222-5158-4B42-87E6-8305402F1049}.Debug|x86.Build.0 = Debug|Any CPU
		{8F45F222-5158-4B42-87E6-8305402F1049}.Release|Any CPU.ActiveCfg = Release|Any CPU
		{8F45F222-5158-4B42-87E6-8305402F1049}.Release|Any CPU.Build.0 = Release|Any CPU
		{8F45F222-5158-4B42-87E6-8305402F1049}.Release|x64.ActiveCfg = Release|Any CPU
		{8F45F222-5158-4B42-87E6-8305402F1049}.Release|x64.Build.0 = Release|Any CPU
		{8F45F222-5158-4B42-87E6-8305402F1049}.Release|x86.ActiveCfg = Release|Any CPU
		{8F45F222-5158-4B42-87E6-8305402F1049}.Release|x86.Build.0 = Release|Any CPU
		{0361F58A-D76D-4B6C-B672-E1A324D80FEF}.Debug|Any CPU.ActiveCfg = Debug|Any CPU
		{0361F58A-D76D-4B6C-B672-E1A324D80FEF}.Debug|Any CPU.Build.0 = Debug|Any CPU
		{0361F58A-D76D-4B6C-B672-E1A324D80FEF}.Debug|x64.ActiveCfg = Debug|Any CPU
		{0361F58A-D76D-4B6C-B672-E1A324D80FEF}.Debug|x64.Build.0 = Debug|Any CPU
		{0361F58A-D76D-4B6C-B672-E1A324D80FEF}.Debug|x86.ActiveCfg = Debug|Any CPU
		{0361F58A-D76D-4B6C-B672-E1A324D80FEF}.Debug|x86.Build.0 = Debug|Any CPU
		{0361F58A-D76D-4B6C-B672-E1A324D80FEF}.Release|Any CPU.ActiveCfg = Release|Any CPU
		{0361F58A-D76D-4B6C-B672-E1A324D80FEF}.Release|Any CPU.Build.0 = Release|Any CPU
		{0361F58A-D76D-4B6C-B672-E1A324D80FEF}.Release|x64.ActiveCfg = Release|Any CPU
		{0361F58A-D76D-4B6C-B672-E1A324D80FEF}.Release|x64.Build.0 = Release|Any CPU
		{0361F58A-D76D-4B6C-B672-E1A324D80FEF}.Release|x86.ActiveCfg = Release|Any CPU
		{0361F58A-D76D-4B6C-B672-E1A324D80FEF}.Release|x86.Build.0 = Release|Any CPU
		{F809646F-52C1-4185-9AAB-04BABAE91BF5}.Debug|Any CPU.ActiveCfg = Debug|Any CPU
		{F809646F-52C1-4185-9AAB-04BABAE91BF5}.Debug|Any CPU.Build.0 = Debug|Any CPU
		{F809646F-52C1-4185-9AAB-04BABAE91BF5}.Debug|x64.ActiveCfg = Debug|Any CPU
		{F809646F-52C1-4185-9AAB-04BABAE91BF5}.Debug|x64.Build.0 = Debug|Any CPU
		{F809646F-52C1-4185-9AAB-04BABAE91BF5}.Debug|x86.ActiveCfg = Debug|Any CPU
		{F809646F-52C1-4185-9AAB-04BABAE91BF5}.Debug|x86.Build.0 = Debug|Any CPU
		{F809646F-52C1-4185-9AAB-04BABAE91BF5}.Release|Any CPU.ActiveCfg = Release|Any CPU
		{F809646F-52C1-4185-9AAB-04BABAE91BF5}.Release|Any CPU.Build.0 = Release|Any CPU
		{F809646F-52C1-4185-9AAB-04BABAE91BF5}.Release|x64.ActiveCfg = Release|Any CPU
		{F809646F-52C1-4185-9AAB-04BABAE91BF5}.Release|x64.Build.0 = Release|Any CPU
		{F809646F-52C1-4185-9AAB-04BABAE91BF5}.Release|x86.ActiveCfg = Release|Any CPU
		{F809646F-52C1-4185-9AAB-04BABAE91BF5}.Release|x86.Build.0 = Release|Any CPU
		{160AFA96-FCDC-4242-BAD3-C34C6D10F57C}.Debug|Any CPU.ActiveCfg = Debug|Any CPU
		{160AFA96-FCDC-4242-BAD3-C34C6D10F57C}.Debug|Any CPU.Build.0 = Debug|Any CPU
		{160AFA96-FCDC-4242-BAD3-C34C6D10F57C}.Debug|x64.ActiveCfg = Debug|Any CPU
		{160AFA96-FCDC-4242-BAD3-C34C6D10F57C}.Debug|x64.Build.0 = Debug|Any CPU
		{160AFA96-FCDC-4242-BAD3-C34C6D10F57C}.Debug|x86.ActiveCfg = Debug|Any CPU
		{160AFA96-FCDC-4242-BAD3-C34C6D10F57C}.Debug|x86.Build.0 = Debug|Any CPU
		{160AFA96-FCDC-4242-BAD3-C34C6D10F57C}.Release|Any CPU.ActiveCfg = Release|Any CPU
		{160AFA96-FCDC-4242-BAD3-C34C6D10F57C}.Release|Any CPU.Build.0 = Release|Any CPU
		{160AFA96-FCDC-4242-BAD3-C34C6D10F57C}.Release|x64.ActiveCfg = Release|Any CPU
		{160AFA96-FCDC-4242-BAD3-C34C6D10F57C}.Release|x64.Build.0 = Release|Any CPU
		{160AFA96-FCDC-4242-BAD3-C34C6D10F57C}.Release|x86.ActiveCfg = Release|Any CPU
		{160AFA96-FCDC-4242-BAD3-C34C6D10F57C}.Release|x86.Build.0 = Release|Any CPU
		{9EE7580C-F3B0-4369-8DD8-ADB5D9F277B8}.Debug|Any CPU.ActiveCfg = Debug|Any CPU
		{9EE7580C-F3B0-4369-8DD8-ADB5D9F277B8}.Debug|Any CPU.Build.0 = Debug|Any CPU
		{9EE7580C-F3B0-4369-8DD8-ADB5D9F277B8}.Debug|x64.ActiveCfg = Debug|Any CPU
		{9EE7580C-F3B0-4369-8DD8-ADB5D9F277B8}.Debug|x64.Build.0 = Debug|Any CPU
		{9EE7580C-F3B0-4369-8DD8-ADB5D9F277B8}.Debug|x86.ActiveCfg = Debug|Any CPU
		{9EE7580C-F3B0-4369-8DD8-ADB5D9F277B8}.Debug|x86.Build.0 = Debug|Any CPU
		{9EE7580C-F3B0-4369-8DD8-ADB5D9F277B8}.Release|Any CPU.ActiveCfg = Release|Any CPU
		{9EE7580C-F3B0-4369-8DD8-ADB5D9F277B8}.Release|Any CPU.Build.0 = Release|Any CPU
		{9EE7580C-F3B0-4369-8DD8-ADB5D9F277B8}.Release|x64.ActiveCfg = Release|Any CPU
		{9EE7580C-F3B0-4369-8DD8-ADB5D9F277B8}.Release|x64.Build.0 = Release|Any CPU
		{9EE7580C-F3B0-4369-8DD8-ADB5D9F277B8}.Release|x86.ActiveCfg = Release|Any CPU
		{9EE7580C-F3B0-4369-8DD8-ADB5D9F277B8}.Release|x86.Build.0 = Release|Any CPU
		{DE3C7B37-F847-47A0-A876-4F46094A7E62}.Debug|Any CPU.ActiveCfg = Debug|Any CPU
		{DE3C7B37-F847-47A0-A876-4F46094A7E62}.Debug|Any CPU.Build.0 = Debug|Any CPU
		{DE3C7B37-F847-47A0-A876-4F46094A7E62}.Debug|x64.ActiveCfg = Debug|Any CPU
		{DE3C7B37-F847-47A0-A876-4F46094A7E62}.Debug|x64.Build.0 = Debug|Any CPU
		{DE3C7B37-F847-47A0-A876-4F46094A7E62}.Debug|x86.ActiveCfg = Debug|Any CPU
		{DE3C7B37-F847-47A0-A876-4F46094A7E62}.Debug|x86.Build.0 = Debug|Any CPU
		{DE3C7B37-F847-47A0-A876-4F46094A7E62}.Release|Any CPU.ActiveCfg = Release|Any CPU
		{DE3C7B37-F847-47A0-A876-4F46094A7E62}.Release|Any CPU.Build.0 = Release|Any CPU
		{DE3C7B37-F847-47A0-A876-4F46094A7E62}.Release|x64.ActiveCfg = Release|Any CPU
		{DE3C7B37-F847-47A0-A876-4F46094A7E62}.Release|x64.Build.0 = Release|Any CPU
		{DE3C7B37-F847-47A0-A876-4F46094A7E62}.Release|x86.ActiveCfg = Release|Any CPU
		{DE3C7B37-F847-47A0-A876-4F46094A7E62}.Release|x86.Build.0 = Release|Any CPU
		{55B8A588-3092-4CA4-A83B-937ABDCD5D3C}.Debug|Any CPU.ActiveCfg = Debug|Any CPU
		{55B8A588-3092-4CA4-A83B-937ABDCD5D3C}.Debug|Any CPU.Build.0 = Debug|Any CPU
		{55B8A588-3092-4CA4-A83B-937ABDCD5D3C}.Debug|x64.ActiveCfg = Debug|Any CPU
		{55B8A588-3092-4CA4-A83B-937ABDCD5D3C}.Debug|x64.Build.0 = Debug|Any CPU
		{55B8A588-3092-4CA4-A83B-937ABDCD5D3C}.Debug|x86.ActiveCfg = Debug|Any CPU
		{55B8A588-3092-4CA4-A83B-937ABDCD5D3C}.Debug|x86.Build.0 = Debug|Any CPU
		{55B8A588-3092-4CA4-A83B-937ABDCD5D3C}.Release|Any CPU.ActiveCfg = Release|Any CPU
		{55B8A588-3092-4CA4-A83B-937ABDCD5D3C}.Release|Any CPU.Build.0 = Release|Any CPU
		{55B8A588-3092-4CA4-A83B-937ABDCD5D3C}.Release|x64.ActiveCfg = Release|Any CPU
		{55B8A588-3092-4CA4-A83B-937ABDCD5D3C}.Release|x64.Build.0 = Release|Any CPU
		{55B8A588-3092-4CA4-A83B-937ABDCD5D3C}.Release|x86.ActiveCfg = Release|Any CPU
		{55B8A588-3092-4CA4-A83B-937ABDCD5D3C}.Release|x86.Build.0 = Release|Any CPU
		{CACDF21C-37CA-4922-B4F0-37EDDC36219E}.Debug|Any CPU.ActiveCfg = Debug|Any CPU
		{CACDF21C-37CA-4922-B4F0-37EDDC36219E}.Debug|Any CPU.Build.0 = Debug|Any CPU
		{CACDF21C-37CA-4922-B4F0-37EDDC36219E}.Debug|x64.ActiveCfg = Debug|Any CPU
		{CACDF21C-37CA-4922-B4F0-37EDDC36219E}.Debug|x64.Build.0 = Debug|Any CPU
		{CACDF21C-37CA-4922-B4F0-37EDDC36219E}.Debug|x86.ActiveCfg = Debug|Any CPU
		{CACDF21C-37CA-4922-B4F0-37EDDC36219E}.Debug|x86.Build.0 = Debug|Any CPU
		{CACDF21C-37CA-4922-B4F0-37EDDC36219E}.Release|Any CPU.ActiveCfg = Release|Any CPU
		{CACDF21C-37CA-4922-B4F0-37EDDC36219E}.Release|Any CPU.Build.0 = Release|Any CPU
		{CACDF21C-37CA-4922-B4F0-37EDDC36219E}.Release|x64.ActiveCfg = Release|Any CPU
		{CACDF21C-37CA-4922-B4F0-37EDDC36219E}.Release|x64.Build.0 = Release|Any CPU
		{CACDF21C-37CA-4922-B4F0-37EDDC36219E}.Release|x86.ActiveCfg = Release|Any CPU
		{CACDF21C-37CA-4922-B4F0-37EDDC36219E}.Release|x86.Build.0 = Release|Any CPU
		{C8DA6EC7-0B31-492E-ADAD-70B78EB111B7}.Debug|Any CPU.ActiveCfg = Debug|Any CPU
		{C8DA6EC7-0B31-492E-ADAD-70B78EB111B7}.Debug|Any CPU.Build.0 = Debug|Any CPU
		{C8DA6EC7-0B31-492E-ADAD-70B78EB111B7}.Debug|x64.ActiveCfg = Debug|Any CPU
		{C8DA6EC7-0B31-492E-ADAD-70B78EB111B7}.Debug|x64.Build.0 = Debug|Any CPU
		{C8DA6EC7-0B31-492E-ADAD-70B78EB111B7}.Debug|x86.ActiveCfg = Debug|Any CPU
		{C8DA6EC7-0B31-492E-ADAD-70B78EB111B7}.Debug|x86.Build.0 = Debug|Any CPU
		{C8DA6EC7-0B31-492E-ADAD-70B78EB111B7}.Release|Any CPU.ActiveCfg = Release|Any CPU
		{C8DA6EC7-0B31-492E-ADAD-70B78EB111B7}.Release|Any CPU.Build.0 = Release|Any CPU
		{C8DA6EC7-0B31-492E-ADAD-70B78EB111B7}.Release|x64.ActiveCfg = Release|Any CPU
		{C8DA6EC7-0B31-492E-ADAD-70B78EB111B7}.Release|x64.Build.0 = Release|Any CPU
		{C8DA6EC7-0B31-492E-ADAD-70B78EB111B7}.Release|x86.ActiveCfg = Release|Any CPU
		{C8DA6EC7-0B31-492E-ADAD-70B78EB111B7}.Release|x86.Build.0 = Release|Any CPU
		{1466D65F-95AF-4001-84BD-4EB6475DE269}.Debug|Any CPU.ActiveCfg = Debug|Any CPU
		{1466D65F-95AF-4001-84BD-4EB6475DE269}.Debug|Any CPU.Build.0 = Debug|Any CPU
		{1466D65F-95AF-4001-84BD-4EB6475DE269}.Debug|x64.ActiveCfg = Debug|Any CPU
		{1466D65F-95AF-4001-84BD-4EB6475DE269}.Debug|x64.Build.0 = Debug|Any CPU
		{1466D65F-95AF-4001-84BD-4EB6475DE269}.Debug|x86.ActiveCfg = Debug|Any CPU
		{1466D65F-95AF-4001-84BD-4EB6475DE269}.Debug|x86.Build.0 = Debug|Any CPU
		{1466D65F-95AF-4001-84BD-4EB6475DE269}.Release|Any CPU.ActiveCfg = Release|Any CPU
		{1466D65F-95AF-4001-84BD-4EB6475DE269}.Release|Any CPU.Build.0 = Release|Any CPU
		{1466D65F-95AF-4001-84BD-4EB6475DE269}.Release|x64.ActiveCfg = Release|Any CPU
		{1466D65F-95AF-4001-84BD-4EB6475DE269}.Release|x64.Build.0 = Release|Any CPU
		{1466D65F-95AF-4001-84BD-4EB6475DE269}.Release|x86.ActiveCfg = Release|Any CPU
		{1466D65F-95AF-4001-84BD-4EB6475DE269}.Release|x86.Build.0 = Release|Any CPU
		{F72B27B2-017F-427E-813A-C285410008AC}.Debug|Any CPU.ActiveCfg = Debug|Any CPU
		{F72B27B2-017F-427E-813A-C285410008AC}.Debug|Any CPU.Build.0 = Debug|Any CPU
		{F72B27B2-017F-427E-813A-C285410008AC}.Debug|x64.ActiveCfg = Debug|Any CPU
		{F72B27B2-017F-427E-813A-C285410008AC}.Debug|x64.Build.0 = Debug|Any CPU
		{F72B27B2-017F-427E-813A-C285410008AC}.Debug|x86.ActiveCfg = Debug|Any CPU
		{F72B27B2-017F-427E-813A-C285410008AC}.Debug|x86.Build.0 = Debug|Any CPU
		{F72B27B2-017F-427E-813A-C285410008AC}.Release|Any CPU.ActiveCfg = Release|Any CPU
		{F72B27B2-017F-427E-813A-C285410008AC}.Release|Any CPU.Build.0 = Release|Any CPU
		{F72B27B2-017F-427E-813A-C285410008AC}.Release|x64.ActiveCfg = Release|Any CPU
		{F72B27B2-017F-427E-813A-C285410008AC}.Release|x64.Build.0 = Release|Any CPU
		{F72B27B2-017F-427E-813A-C285410008AC}.Release|x86.ActiveCfg = Release|Any CPU
		{F72B27B2-017F-427E-813A-C285410008AC}.Release|x86.Build.0 = Release|Any CPU
		{FEBDE0BD-0AB6-4576-99A3-48FD9D44264F}.Debug|Any CPU.ActiveCfg = Debug|Any CPU
		{FEBDE0BD-0AB6-4576-99A3-48FD9D44264F}.Debug|Any CPU.Build.0 = Debug|Any CPU
		{FEBDE0BD-0AB6-4576-99A3-48FD9D44264F}.Debug|x64.ActiveCfg = Debug|Any CPU
		{FEBDE0BD-0AB6-4576-99A3-48FD9D44264F}.Debug|x64.Build.0 = Debug|Any CPU
		{FEBDE0BD-0AB6-4576-99A3-48FD9D44264F}.Debug|x86.ActiveCfg = Debug|Any CPU
		{FEBDE0BD-0AB6-4576-99A3-48FD9D44264F}.Debug|x86.Build.0 = Debug|Any CPU
		{FEBDE0BD-0AB6-4576-99A3-48FD9D44264F}.Release|Any CPU.ActiveCfg = Release|Any CPU
		{FEBDE0BD-0AB6-4576-99A3-48FD9D44264F}.Release|Any CPU.Build.0 = Release|Any CPU
		{FEBDE0BD-0AB6-4576-99A3-48FD9D44264F}.Release|x64.ActiveCfg = Release|Any CPU
		{FEBDE0BD-0AB6-4576-99A3-48FD9D44264F}.Release|x64.Build.0 = Release|Any CPU
		{FEBDE0BD-0AB6-4576-99A3-48FD9D44264F}.Release|x86.ActiveCfg = Release|Any CPU
		{FEBDE0BD-0AB6-4576-99A3-48FD9D44264F}.Release|x86.Build.0 = Release|Any CPU
		{D5667166-87C8-4FD2-A072-94BB94EF5630}.Debug|Any CPU.ActiveCfg = Debug|Any CPU
		{D5667166-87C8-4FD2-A072-94BB94EF5630}.Debug|Any CPU.Build.0 = Debug|Any CPU
		{D5667166-87C8-4FD2-A072-94BB94EF5630}.Debug|x64.ActiveCfg = Debug|Any CPU
		{D5667166-87C8-4FD2-A072-94BB94EF5630}.Debug|x64.Build.0 = Debug|Any CPU
		{D5667166-87C8-4FD2-A072-94BB94EF5630}.Debug|x86.ActiveCfg = Debug|Any CPU
		{D5667166-87C8-4FD2-A072-94BB94EF5630}.Debug|x86.Build.0 = Debug|Any CPU
		{D5667166-87C8-4FD2-A072-94BB94EF5630}.Release|Any CPU.ActiveCfg = Release|Any CPU
		{D5667166-87C8-4FD2-A072-94BB94EF5630}.Release|Any CPU.Build.0 = Release|Any CPU
		{D5667166-87C8-4FD2-A072-94BB94EF5630}.Release|x64.ActiveCfg = Release|Any CPU
		{D5667166-87C8-4FD2-A072-94BB94EF5630}.Release|x64.Build.0 = Release|Any CPU
		{D5667166-87C8-4FD2-A072-94BB94EF5630}.Release|x86.ActiveCfg = Release|Any CPU
		{D5667166-87C8-4FD2-A072-94BB94EF5630}.Release|x86.Build.0 = Release|Any CPU
		{373238D4-9239-49A6-892F-C3B8ABE3E822}.Debug|Any CPU.ActiveCfg = Debug|Any CPU
		{373238D4-9239-49A6-892F-C3B8ABE3E822}.Debug|Any CPU.Build.0 = Debug|Any CPU
		{373238D4-9239-49A6-892F-C3B8ABE3E822}.Debug|x64.ActiveCfg = Debug|Any CPU
		{373238D4-9239-49A6-892F-C3B8ABE3E822}.Debug|x64.Build.0 = Debug|Any CPU
		{373238D4-9239-49A6-892F-C3B8ABE3E822}.Debug|x86.ActiveCfg = Debug|Any CPU
		{373238D4-9239-49A6-892F-C3B8ABE3E822}.Debug|x86.Build.0 = Debug|Any CPU
		{373238D4-9239-49A6-892F-C3B8ABE3E822}.Release|Any CPU.ActiveCfg = Release|Any CPU
		{373238D4-9239-49A6-892F-C3B8ABE3E822}.Release|Any CPU.Build.0 = Release|Any CPU
		{373238D4-9239-49A6-892F-C3B8ABE3E822}.Release|x64.ActiveCfg = Release|Any CPU
		{373238D4-9239-49A6-892F-C3B8ABE3E822}.Release|x64.Build.0 = Release|Any CPU
		{373238D4-9239-49A6-892F-C3B8ABE3E822}.Release|x86.ActiveCfg = Release|Any CPU
		{373238D4-9239-49A6-892F-C3B8ABE3E822}.Release|x86.Build.0 = Release|Any CPU
	EndGlobalSection
	GlobalSection(SolutionProperties) = preSolution
		HideSolutionNode = FALSE
	EndGlobalSection
	GlobalSection(NestedProjects) = preSolution
		{8F45F222-5158-4B42-87E6-8305402F1049} = {827E0CD3-B72D-47B6-A68D-7590B98EB39B}
		{0361F58A-D76D-4B6C-B672-E1A324D80FEF} = {827E0CD3-B72D-47B6-A68D-7590B98EB39B}
		{F809646F-52C1-4185-9AAB-04BABAE91BF5} = {827E0CD3-B72D-47B6-A68D-7590B98EB39B}
		{160AFA96-FCDC-4242-BAD3-C34C6D10F57C} = {827E0CD3-B72D-47B6-A68D-7590B98EB39B}
		{9EE7580C-F3B0-4369-8DD8-ADB5D9F277B8} = {827E0CD3-B72D-47B6-A68D-7590B98EB39B}
		{DE3C7B37-F847-47A0-A876-4F46094A7E62} = {827E0CD3-B72D-47B6-A68D-7590B98EB39B}
		{55B8A588-3092-4CA4-A83B-937ABDCD5D3C} = {0AB3BF05-4346-4AA6-1389-037BE0695223}
		{CACDF21C-37CA-4922-B4F0-37EDDC36219E} = {0AB3BF05-4346-4AA6-1389-037BE0695223}
		{C8DA6EC7-0B31-492E-ADAD-70B78EB111B7} = {0AB3BF05-4346-4AA6-1389-037BE0695223}
		{1466D65F-95AF-4001-84BD-4EB6475DE269} = {0AB3BF05-4346-4AA6-1389-037BE0695223}
		{F72B27B2-017F-427E-813A-C285410008AC} = {0AB3BF05-4346-4AA6-1389-037BE0695223}
		{FEBDE0BD-0AB6-4576-99A3-48FD9D44264F} = {0AB3BF05-4346-4AA6-1389-037BE0695223}
		{D5667166-87C8-4FD2-A072-94BB94EF5630} = {0AB3BF05-4346-4AA6-1389-037BE0695223}
		{373238D4-9239-49A6-892F-C3B8ABE3E822} = {827E0CD3-B72D-47B6-A68D-7590B98EB39B}
	EndGlobalSection
EndGlobal
